
Microsoft Visual Studio Solution File, Format Version 12.00
# Visual Studio Version 17
VisualStudioVersion = 17.5.33502.453
MinimumVisualStudioVersion = 10.0.40219.1
Project("{FAE04EC0-301F-11D3-BF4B-00C04F79EFBC}") = "TP24LendingApi", "TP24LendingApi\TP24LendingApi.csproj", "{D3CA920E-A6C8-44AC-804A-C2F4C22403BE}"
EndProject
Project("{FAE04EC0-301F-11D3-BF4B-00C04F79EFBC}") = "TP24Entities", "TP24Persistence\TP24Entities.csproj", "{ED1E71AB-48C3-47F1-A35A-BB379C22A4C0}"
EndProject
Project("{FAE04EC0-301F-11D3-BF4B-00C04F79EFBC}") = "TP24LendingApiTests", "TP24LendingApiTests\TP24LendingApiTests.csproj", "{2F86A04E-6524-445F-B7CD-742F744F90D1}"
EndProject
Global
	GlobalSection(SolutionConfigurationPlatforms) = preSolution
		Debug|Any CPU = Debug|Any CPU
		Release|Any CPU = Release|Any CPU
	EndGlobalSection
	GlobalSection(ProjectConfigurationPlatforms) = postSolution
		{D3CA920E-A6C8-44AC-804A-C2F4C22403BE}.Debug|Any CPU.ActiveCfg = Debug|Any CPU
		{D3CA920E-A6C8-44AC-804A-C2F4C22403BE}.Debug|Any CPU.Build.0 = Debug|Any CPU
		{D3CA920E-A6C8-44AC-804A-C2F4C22403BE}.Release|Any CPU.ActiveCfg = Release|Any CPU
		{D3CA920E-A6C8-44AC-804A-C2F4C22403BE}.Release|Any CPU.Build.0 = Release|Any CPU
		{ED1E71AB-48C3-47F1-A35A-BB379C22A4C0}.Debug|Any CPU.ActiveCfg = Debug|Any CPU
		{ED1E71AB-48C3-47F1-A35A-BB379C22A4C0}.Debug|Any CPU.Build.0 = Debug|Any CPU
		{ED1E71AB-48C3-47F1-A35A-BB379C22A4C0}.Release|Any CPU.ActiveCfg = Release|Any CPU
		{ED1E71AB-48C3-47F1-A35A-BB379C22A4C0}.Release|Any CPU.Build.0 = Release|Any CPU
		{2F86A04E-6524-445F-B7CD-742F744F90D1}.Debug|Any CPU.ActiveCfg = Debug|Any CPU
		{2F86A04E-6524-445F-B7CD-742F744F90D1}.Debug|Any CPU.Build.0 = Debug|Any CPU
		{2F86A04E-6524-445F-B7CD-742F744F90D1}.Release|Any CPU.ActiveCfg = Release|Any CPU
		{2F86A04E-6524-445F-B7CD-742F744F90D1}.Release|Any CPU.Build.0 = Release|Any CPU
	EndGlobalSection
	GlobalSection(SolutionProperties) = preSolution
		HideSolutionNode = FALSE
	EndGlobalSection
	GlobalSection(ExtensibilityGlobals) = postSolution
		SolutionGuid = {21484817-C5FC-4D76-AF5C-0F37A5D91B66}
	EndGlobalSection
EndGlobal
